
Microsoft Visual Studio Solution File, Format Version 12.00
# Visual Studio Version 17
VisualStudioVersion = 17.7.34024.191
MinimumVisualStudioVersion = 10.0.40219.1
Project("{FAE04EC0-301F-11D3-BF4B-00C04F79EFBC}") = "PovtorDitit", "PovtorDitit\PovtorDitit.csproj", "{CF057638-2C0B-4252-8165-8965589BD32B}"
EndProject
Global
	GlobalSection(SolutionConfigurationPlatforms) = preSolution
		Debug|Any CPU = Debug|Any CPU
		Release|Any CPU = Release|Any CPU
	EndGlobalSection
	GlobalSection(ProjectConfigurationPlatforms) = postSolution
		{CF057638-2C0B-4252-8165-8965589BD32B}.Debug|Any CPU.ActiveCfg = Debug|Any CPU
		{CF057638-2C0B-4252-8165-8965589BD32B}.Debug|Any CPU.Build.0 = Debug|Any CPU
		{CF057638-2C0B-4252-8165-8965589BD32B}.Release|Any CPU.ActiveCfg = Release|Any CPU
		{CF057638-2C0B-4252-8165-8965589BD32B}.Release|Any CPU.Build.0 = Release|Any CPU
	EndGlobalSection
	GlobalSection(SolutionProperties) = preSolution
		HideSolutionNode = FALSE
	EndGlobalSection
	GlobalSection(ExtensibilityGlobals) = postSolution
		SolutionGuid = {6780588C-2C1F-4F48-9159-D95D581E1ACA}
	EndGlobalSection
EndGlobal
